
Microsoft Visual Studio Solution File, Format Version 12.00
# Visual Studio 15
VisualStudioVersion = 15.0.28307.572
MinimumVisualStudioVersion = 10.0.40219.1
Project("{8BC9CEB8-8B4A-11D0-8D11-00A0C91BC942}") = "Project1", "Project1\Project1.vcxproj", "{74074D51-5755-4A58-A5CB-800B186FF40A}"
EndProject
Global
	GlobalSection(SolutionConfigurationPlatforms) = preSolution
		Debug|x64 = Debug|x64
		Debug|x86 = Debug|x86
		Release|x64 = Release|x64
		Release|x86 = Release|x86
	EndGlobalSection
	GlobalSection(ProjectConfigurationPlatforms) = postSolution
		{74074D51-5755-4A58-A5CB-800B186FF40A}.Debug|x64.ActiveCfg = Debug|x64
		{74074D51-5755-4A58-A5CB-800B186FF40A}.Debug|x64.Build.0 = Debug|x64
		{74074D51-5755-4A58-A5CB-800B186FF40A}.Debug|x86.ActiveCfg = Debug|Win32
		{74074D51-5755-4A58-A5CB-800B186FF40A}.Debug|x86.Build.0 = Debug|Win32
		{74074D51-5755-4A58-A5CB-800B186FF40A}.Release|x64.ActiveCfg = Release|x64
		{74074D51-5755-4A58-A5CB-800B186FF40A}.Release|x64.Build.0 = Release|x64
		{74074D51-5755-4A58-A5CB-800B186FF40A}.Release|x86.ActiveCfg = Release|Win32
		{74074D51-5755-4A58-A5CB-800B186FF40A}.Release|x86.Build.0 = Release|Win32
	EndGlobalSection
	GlobalSection(SolutionProperties) = preSolution
		HideSolutionNode = FALSE
	EndGlobalSection
	GlobalSection(ExtensibilityGlobals) = postSolution
		SolutionGuid = {CCAB4DE9-8F8B-4688-8C32-A4C021065F44}
	EndGlobalSection
EndGlobal
